
Microsoft Visual Studio Solution File, Format Version 12.00
# Visual Studio Version 17
VisualStudioVersion = 17.0.31903.59
MinimumVisualStudioVersion = 10.0.40219.1
Project("{2150E333-8FDC-42A3-9474-1A3956D46DE8}") = "src", "src", "{827E0CD3-B72D-47B6-A68D-7590B98EB39B}"
EndProject
Project("{FAE04EC0-301F-11D3-BF4B-00C04F79EFBC}") = "GulfInfoTracker.AppHost", "src\GulfInfoTracker.AppHost\GulfInfoTracker.AppHost.csproj", "{A6D215DD-D509-491F-B536-268DE54D9574}"
EndProject
Project("{FAE04EC0-301F-11D3-BF4B-00C04F79EFBC}") = "GulfInfoTracker.ServiceDefaults", "src\GulfInfoTracker.ServiceDefaults\GulfInfoTracker.ServiceDefaults.csproj", "{DDCEF593-14B7-4017-BE5C-2B9583F33BCE}"
EndProject
Project("{FAE04EC0-301F-11D3-BF4B-00C04F79EFBC}") = "GulfInfoTracker.Api", "src\GulfInfoTracker.Api\GulfInfoTracker.Api.csproj", "{2000A245-AC30-4CC4-A598-B3317CDC39F4}"
EndProject
Project("{FAE04EC0-301F-11D3-BF4B-00C04F79EFBC}") = "GulfInfoTracker.Plugins", "src\GulfInfoTracker.Plugins\GulfInfoTracker.Plugins.csproj", "{18405C46-5937-4A53-B51B-2C560B8FCA8B}"
EndProject
Project("{2150E333-8FDC-42A3-9474-1A3956D46DE8}") = "tests", "tests", "{0AB3BF05-4346-4AA6-1389-037BE0695223}"
EndProject
Project("{FAE04EC0-301F-11D3-BF4B-00C04F79EFBC}") = "GulfInfoTracker.Api.Tests", "tests\GulfInfoTracker.Api.Tests\GulfInfoTracker.Api.Tests.csproj", "{67F6FB6A-5577-40A2-AE76-B7076DD620E0}"
EndProject
Project("{FAE04EC0-301F-11D3-BF4B-00C04F79EFBC}") = "GulfInfoTracker.Plugins.Tests", "tests\GulfInfoTracker.Plugins.Tests\GulfInfoTracker.Plugins.Tests.csproj", "{BCD630B1-9DA4-4614-92A2-98F7D98E8788}"
EndProject
Global
	GlobalSection(SolutionConfigurationPlatforms) = preSolution
		Debug|Any CPU = Debug|Any CPU
		Debug|x64 = Debug|x64
		Debug|x86 = Debug|x86
		Release|Any CPU = Release|Any CPU
		Release|x64 = Release|x64
		Release|x86 = Release|x86
	EndGlobalSection
	GlobalSection(ProjectConfigurationPlatforms) = postSolution
		{A6D215DD-D509-491F-B536-268DE54D9574}.Debug|Any CPU.ActiveCfg = Debug|Any CPU
		{A6D215DD-D509-491F-B536-268DE54D9574}.Debug|Any CPU.Build.0 = Debug|Any CPU
		{A6D215DD-D509-491F-B536-268DE54D9574}.Debug|x64.ActiveCfg = Debug|Any CPU
		{A6D215DD-D509-491F-B536-268DE54D9574}.Debug|x64.Build.0 = Debug|Any CPU
		{A6D215DD-D509-491F-B536-268DE54D9574}.Debug|x86.ActiveCfg = Debug|Any CPU
		{A6D215DD-D509-491F-B536-268DE54D9574}.Debug|x86.Build.0 = Debug|Any CPU
		{A6D215DD-D509-491F-B536-268DE54D9574}.Release|Any CPU.ActiveCfg = Release|Any CPU
		{A6D215DD-D509-491F-B536-268DE54D9574}.Release|Any CPU.Build.0 = Release|Any CPU
		{A6D215DD-D509-491F-B536-268DE54D9574}.Release|x64.ActiveCfg = Release|Any CPU
		{A6D215DD-D509-491F-B536-268DE54D9574}.Release|x64.Build.0 = Release|Any CPU
		{A6D215DD-D509-491F-B536-268DE54D9574}.Release|x86.ActiveCfg = Release|Any CPU
		{A6D215DD-D509-491F-B536-268DE54D9574}.Release|x86.Build.0 = Release|Any CPU
		{DDCEF593-14B7-4017-BE5C-2B9583F33BCE}.Debug|Any CPU.ActiveCfg = Debug|Any CPU
		{DDCEF593-14B7-4017-BE5C-2B9583F33BCE}.Debug|Any CPU.Build.0 = Debug|Any CPU
		{DDCEF593-14B7-4017-BE5C-2B9583F33BCE}.Debug|x64.ActiveCfg = Debug|Any CPU
		{DDCEF593-14B7-4017-BE5C-2B9583F33BCE}.Debug|x64.Build.0 = Debug|Any CPU
		{DDCEF593-14B7-4017-BE5C-2B9583F33BCE}.Debug|x86.ActiveCfg = Debug|Any CPU
		{DDCEF593-14B7-4017-BE5C-2B9583F33BCE}.Debug|x86.Build.0 = Debug|Any CPU
		{DDCEF593-14B7-4017-BE5C-2B9583F33BCE}.Release|Any CPU.ActiveCfg = Release|Any CPU
		{DDCEF593-14B7-4017-BE5C-2B9583F33BCE}.Release|Any CPU.Build.0 = Release|Any CPU
		{DDCEF593-14B7-4017-BE5C-2B9583F33BCE}.Release|x64.ActiveCfg = Release|Any CPU
		{DDCEF593-14B7-4017-BE5C-2B9583F33BCE}.Release|x64.Build.0 = Release|Any CPU
		{DDCEF593-14B7-4017-BE5C-2B9583F33BCE}.Release|x86.ActiveCfg = Release|Any CPU
		{DDCEF593-14B7-4017-BE5C-2B9583F33BCE}.Release|x86.Build.0 = Release|Any CPU
		{2000A245-AC30-4CC4-A598-B3317CDC39F4}.Debug|Any CPU.ActiveCfg = Debug|Any CPU
		{2000A245-AC30-4CC4-A598-B3317CDC39F4}.Debug|Any CPU.Build.0 = Debug|Any CPU
		{2000A245-AC30-4CC4-A598-B3317CDC39F4}.Debug|x64.ActiveCfg = Debug|Any CPU
		{2000A245-AC30-4CC4-A598-B3317CDC39F4}.Debug|x64.Build.0 = Debug|Any CPU
		{2000A245-AC30-4CC4-A598-B3317CDC39F4}.Debug|x86.ActiveCfg = Debug|Any CPU
		{2000A245-AC30-4CC4-A598-B3317CDC39F4}.Debug|x86.Build.0 = Debug|Any CPU
		{2000A245-AC30-4CC4-A598-B3317CDC39F4}.Release|Any CPU.ActiveCfg = Release|Any CPU
		{2000A245-AC30-4CC4-A598-B3317CDC39F4}.Release|Any CPU.Build.0 = Release|Any CPU
		{2000A245-AC30-4CC4-A598-B3317CDC39F4}.Release|x64.ActiveCfg = Release|Any CPU
		{2000A245-AC30-4CC4-A598-B3317CDC39F4}.Release|x64.Build.0 = Release|Any CPU
		{2000A245-AC30-4CC4-A598-B3317CDC39F4}.Release|x86.ActiveCfg = Release|Any CPU
		{2000A245-AC30-4CC4-A598-B3317CDC39F4}.Release|x86.Build.0 = Release|Any CPU
		{18405C46-5937-4A53-B51B-2C560B8FCA8B}.Debug|Any CPU.ActiveCfg = Debug|Any CPU
		{18405C46-5937-4A53-B51B-2C560B8FCA8B}.Debug|Any CPU.Build.0 = Debug|Any CPU
		{18405C46-5937-4A53-B51B-2C560B8FCA8B}.Debug|x64.ActiveCfg = Debug|Any CPU
		{18405C46-5937-4A53-B51B-2C560B8FCA8B}.Debug|x64.Build.0 = Debug|Any CPU
		{18405C46-5937-4A53-B51B-2C560B8FCA8B}.Debug|x86.ActiveCfg = Debug|Any CPU
		{18405C46-5937-4A53-B51B-2C560B8FCA8B}.Debug|x86.Build.0 = Debug|Any CPU
		{18405C46-5937-4A53-B51B-2C560B8FCA8B}.Release|Any CPU.ActiveCfg = Release|Any CPU
		{18405C46-5937-4A53-B51B-2C560B8FCA8B}.Release|Any CPU.Build.0 = Release|Any CPU
		{18405C46-5937-4A53-B51B-2C560B8FCA8B}.Release|x64.ActiveCfg = Release|Any CPU
		{18405C46-5937-4A53-B51B-2C560B8FCA8B}.Release|x64.Build.0 = Release|Any CPU
		{18405C46-5937-4A53-B51B-2C560B8FCA8B}.Release|x86.ActiveCfg = Release|Any CPU
		{18405C46-5937-4A53-B51B-2C560B8FCA8B}.Release|x86.Build.0 = Release|Any CPU
		{67F6FB6A-5577-40A2-AE76-B7076DD620E0}.Debug|Any CPU.ActiveCfg = Debug|Any CPU
		{67F6FB6A-5577-40A2-AE76-B7076DD620E0}.Debug|Any CPU.Build.0 = Debug|Any CPU
		{67F6FB6A-5577-40A2-AE76-B7076DD620E0}.Debug|x64.ActiveCfg = Debug|Any CPU
		{67F6FB6A-5577-40A2-AE76-B7076DD620E0}.Debug|x64.Build.0 = Debug|Any CPU
		{67F6FB6A-5577-40A2-AE76-B7076DD620E0}.Debug|x86.ActiveCfg = Debug|Any CPU
		{67F6FB6A-5577-40A2-AE76-B7076DD620E0}.Debug|x86.Build.0 = Debug|Any CPU
		{67F6FB6A-5577-40A2-AE76-B7076DD620E0}.Release|Any CPU.ActiveCfg = Release|Any CPU
		{67F6FB6A-5577-40A2-AE76-B7076DD620E0}.Release|Any CPU.Build.0 = Release|Any CPU
		{67F6FB6A-5577-40A2-AE76-B7076DD620E0}.Release|x64.ActiveCfg = Release|Any CPU
		{67F6FB6A-5577-40A2-AE76-B7076DD620E0}.Release|x64.Build.0 = Release|Any CPU
		{67F6FB6A-5577-40A2-AE76-B7076DD620E0}.Release|x86.ActiveCfg = Release|Any CPU
		{67F6FB6A-5577-40A2-AE76-B7076DD620E0}.Release|x86.Build.0 = Release|Any CPU
		{BCD630B1-9DA4-4614-92A2-98F7D98E8788}.Debug|Any CPU.ActiveCfg = Debug|Any CPU
		{BCD630B1-9DA4-4614-92A2-98F7D98E8788}.Debug|Any CPU.Build.0 = Debug|Any CPU
		{BCD630B1-9DA4-4614-92A2-98F7D98E8788}.Debug|x64.ActiveCfg = Debug|Any CPU
		{BCD630B1-9DA4-4614-92A2-98F7D98E8788}.Debug|x64.Build.0 = Debug|Any CPU
		{BCD630B1-9DA4-4614-92A2-98F7D98E8788}.Debug|x86.ActiveCfg = Debug|Any CPU
		{BCD630B1-9DA4-4614-92A2-98F7D98E8788}.Debug|x86.Build.0 = Debug|Any CPU
		{BCD630B1-9DA4-4614-92A2-98F7D98E8788}.Release|Any CPU.ActiveCfg = Release|Any CPU
		{BCD630B1-9DA4-4614-92A2-98F7D98E8788}.Release|Any CPU.Build.0 = Release|Any CPU
		{BCD630B1-9DA4-4614-92A2-98F7D98E8788}.Release|x64.ActiveCfg = Release|Any CPU
		{BCD630B1-9DA4-4614-92A2-98F7D98E8788}.Release|x64.Build.0 = Release|Any CPU
		{BCD630B1-9DA4-4614-92A2-98F7D98E8788}.Release|x86.ActiveCfg = Release|Any CPU
		{BCD630B1-9DA4-4614-92A2-98F7D98E8788}.Release|x86.Build.0 = Release|Any CPU
	EndGlobalSection
	GlobalSection(SolutionProperties) = preSolution
		HideSolutionNode = FALSE
	EndGlobalSection
	GlobalSection(NestedProjects) = preSolution
		{A6D215DD-D509-491F-B536-268DE54D9574} = {827E0CD3-B72D-47B6-A68D-7590B98EB39B}
		{DDCEF593-14B7-4017-BE5C-2B9583F33BCE} = {827E0CD3-B72D-47B6-A68D-7590B98EB39B}
		{2000A245-AC30-4CC4-A598-B3317CDC39F4} = {827E0CD3-B72D-47B6-A68D-7590B98EB39B}
		{18405C46-5937-4A53-B51B-2C560B8FCA8B} = {827E0CD3-B72D-47B6-A68D-7590B98EB39B}
		{67F6FB6A-5577-40A2-AE76-B7076DD620E0} = {0AB3BF05-4346-4AA6-1389-037BE0695223}
		{BCD630B1-9DA4-4614-92A2-98F7D98E8788} = {0AB3BF05-4346-4AA6-1389-037BE0695223}
	EndGlobalSection
EndGlobal
